
Microsoft Visual Studio Solution File, Format Version 12.00
# Visual Studio 15
VisualStudioVersion = 15.0.27428.2037
MinimumVisualStudioVersion = 10.0.40219.1
Project("{FAE04EC0-301F-11D3-BF4B-00C04F79EFBC}") = "AsyncServer", "AsyncServer\AsyncServer.csproj", "{361A1A94-B135-48D7-BB49-4B3051D1D754}"
EndProject
Global
	GlobalSection(SolutionConfigurationPlatforms) = preSolution
		Debug|Any CPU = Debug|Any CPU
		Release|Any CPU = Release|Any CPU
	EndGlobalSection
	GlobalSection(ProjectConfigurationPlatforms) = postSolution
		{361A1A94-B135-48D7-BB49-4B3051D1D754}.Debug|Any CPU.ActiveCfg = Debug|Any CPU
		{361A1A94-B135-48D7-BB49-4B3051D1D754}.Debug|Any CPU.Build.0 = Debug|Any CPU
		{361A1A94-B135-48D7-BB49-4B3051D1D754}.Release|Any CPU.ActiveCfg = Release|Any CPU
		{361A1A94-B135-48D7-BB49-4B3051D1D754}.Release|Any CPU.Build.0 = Release|Any CPU
	EndGlobalSection
	GlobalSection(SolutionProperties) = preSolution
		HideSolutionNode = FALSE
	EndGlobalSection
	GlobalSection(ExtensibilityGlobals) = postSolution
		SolutionGuid = {E99C4E06-2C20-4547-9C29-B62A61C7BAEB}
	EndGlobalSection
EndGlobal
